
Microsoft Visual Studio Solution File, Format Version 12.00
# Visual Studio Version 17
VisualStudioVersion = 17.3.32901.215
MinimumVisualStudioVersion = 10.0.40219.1
Project("{9A19103F-16F7-4668-BE54-9A1E7A4F7556}") = "MyFirstConsoleApp", "MyFirstConsoleApp\MyFirstConsoleApp.csproj", "{7E207B6E-FE59-4E88-8AE8-9317470F2993}"
EndProject
Project("{FAE04EC0-301F-11D3-BF4B-00C04F79EFBC}") = "MatchGame", "MatchGame\MatchGame.csproj", "{CE399048-C401-4D44-8054-BE4B6CFB22C4}"
EndProject
Project("{FAE04EC0-301F-11D3-BF4B-00C04F79EFBC}") = "ExperimentWithControls", "ExperimentWithControls\ExperimentWithControls.csproj", "{46639298-B20F-4E1C-9049-33B065C690DD}"
EndProject
Project("{9A19103F-16F7-4668-BE54-9A1E7A4F7556}") = "PickRandomCards", "PickRandomCards\PickRandomCards.csproj", "{F1816DBD-C217-4E4C-8FEA-25A94A1AB548}"
EndProject
Project("{FAE04EC0-301F-11D3-BF4B-00C04F79EFBC}") = "PickACardUI", "PickACardUI\PickACardUI.csproj", "{FB2DD702-5CF7-4678-A12E-2BCF6A6FC44E}"
EndProject
Project("{9A19103F-16F7-4668-BE54-9A1E7A4F7556}") = "AbilityScoreTester", "AbilityScoreTester\AbilityScoreTester.csproj", "{3AA2B123-8F49-4DAF-879A-FF7B70FF631C}"
EndProject
Project("{9A19103F-16F7-4668-BE54-9A1E7A4F7556}") = "Uprajnenie_Elephant", "Uprajnenie_Elephant\Uprajnenie_Elephant.csproj", "{50A362EE-8CA8-4AE7-AD14-DBB423014524}"
EndProject
Project("{9A19103F-16F7-4668-BE54-9A1E7A4F7556}") = "ExercizeRandom", "ExercizeRandom\ExercizeRandom.csproj", "{51C71BB6-31ED-4E5E-9823-13EF1A66E21C}"
EndProject
Project("{9A19103F-16F7-4668-BE54-9A1E7A4F7556}") = "WpfDjo", "WpfDjo\WpfDjo.csproj", "{78B109EB-6209-4AC5-88FB-EBB95293781A}"
EndProject
Project("{9A19103F-16F7-4668-BE54-9A1E7A4F7556}") = "CalculateDamage", "CalculateDamage\CalculateDamage.csproj", "{84AE130B-4401-4EAE-A021-75885822B394}"
EndProject
Project("{FAE04EC0-301F-11D3-BF4B-00C04F79EFBC}") = "WpfCalculateDamage", "WpfCalculateDamage\WpfCalculateDamage.csproj", "{E7EEAAAA-F063-4809-BB95-609235EDC022}"
EndProject
Global
	GlobalSection(SolutionConfigurationPlatforms) = preSolution
		Debug|Any CPU = Debug|Any CPU
		Release|Any CPU = Release|Any CPU
	EndGlobalSection
	GlobalSection(ProjectConfigurationPlatforms) = postSolution
		{7E207B6E-FE59-4E88-8AE8-9317470F2993}.Debug|Any CPU.ActiveCfg = Debug|Any CPU
		{7E207B6E-FE59-4E88-8AE8-9317470F2993}.Debug|Any CPU.Build.0 = Debug|Any CPU
		{7E207B6E-FE59-4E88-8AE8-9317470F2993}.Release|Any CPU.ActiveCfg = Release|Any CPU
		{7E207B6E-FE59-4E88-8AE8-9317470F2993}.Release|Any CPU.Build.0 = Release|Any CPU
		{CE399048-C401-4D44-8054-BE4B6CFB22C4}.Debug|Any CPU.ActiveCfg = Debug|Any CPU
		{CE399048-C401-4D44-8054-BE4B6CFB22C4}.Debug|Any CPU.Build.0 = Debug|Any CPU
		{CE399048-C401-4D44-8054-BE4B6CFB22C4}.Release|Any CPU.ActiveCfg = Release|Any CPU
		{CE399048-C401-4D44-8054-BE4B6CFB22C4}.Release|Any CPU.Build.0 = Release|Any CPU
		{46639298-B20F-4E1C-9049-33B065C690DD}.Debug|Any CPU.ActiveCfg = Debug|Any CPU
		{46639298-B20F-4E1C-9049-33B065C690DD}.Debug|Any CPU.Build.0 = Debug|Any CPU
		{46639298-B20F-4E1C-9049-33B065C690DD}.Release|Any CPU.ActiveCfg = Release|Any CPU
		{46639298-B20F-4E1C-9049-33B065C690DD}.Release|Any CPU.Build.0 = Release|Any CPU
		{F1816DBD-C217-4E4C-8FEA-25A94A1AB548}.Debug|Any CPU.ActiveCfg = Debug|Any CPU
		{F1816DBD-C217-4E4C-8FEA-25A94A1AB548}.Debug|Any CPU.Build.0 = Debug|Any CPU
		{F1816DBD-C217-4E4C-8FEA-25A94A1AB548}.Release|Any CPU.ActiveCfg = Release|Any CPU
		{F1816DBD-C217-4E4C-8FEA-25A94A1AB548}.Release|Any CPU.Build.0 = Release|Any CPU
		{FB2DD702-5CF7-4678-A12E-2BCF6A6FC44E}.Debug|Any CPU.ActiveCfg = Debug|Any CPU
		{FB2DD702-5CF7-4678-A12E-2BCF6A6FC44E}.Debug|Any CPU.Build.0 = Debug|Any CPU
		{FB2DD702-5CF7-4678-A12E-2BCF6A6FC44E}.Release|Any CPU.ActiveCfg = Release|Any CPU
		{FB2DD702-5CF7-4678-A12E-2BCF6A6FC44E}.Release|Any CPU.Build.0 = Release|Any CPU
		{3AA2B123-8F49-4DAF-879A-FF7B70FF631C}.Debug|Any CPU.ActiveCfg = Debug|Any CPU
		{3AA2B123-8F49-4DAF-879A-FF7B70FF631C}.Debug|Any CPU.Build.0 = Debug|Any CPU
		{3AA2B123-8F49-4DAF-879A-FF7B70FF631C}.Release|Any CPU.ActiveCfg = Release|Any CPU
		{3AA2B123-8F49-4DAF-879A-FF7B70FF631C}.Release|Any CPU.Build.0 = Release|Any CPU
		{50A362EE-8CA8-4AE7-AD14-DBB423014524}.Debug|Any CPU.ActiveCfg = Debug|Any CPU
		{50A362EE-8CA8-4AE7-AD14-DBB423014524}.Debug|Any CPU.Build.0 = Debug|Any CPU
		{50A362EE-8CA8-4AE7-AD14-DBB423014524}.Release|Any CPU.ActiveCfg = Release|Any CPU
		{50A362EE-8CA8-4AE7-AD14-DBB423014524}.Release|Any CPU.Build.0 = Release|Any CPU
		{51C71BB6-31ED-4E5E-9823-13EF1A66E21C}.Debug|Any CPU.ActiveCfg = Debug|Any CPU
		{51C71BB6-31ED-4E5E-9823-13EF1A66E21C}.Debug|Any CPU.Build.0 = Debug|Any CPU
		{51C71BB6-31ED-4E5E-9823-13EF1A66E21C}.Release|Any CPU.ActiveCfg = Release|Any CPU
		{51C71BB6-31ED-4E5E-9823-13EF1A66E21C}.Release|Any CPU.Build.0 = Release|Any CPU
		{78B109EB-6209-4AC5-88FB-EBB95293781A}.Debug|Any CPU.ActiveCfg = Debug|Any CPU
		{78B109EB-6209-4AC5-88FB-EBB95293781A}.Debug|Any CPU.Build.0 = Debug|Any CPU
		{78B109EB-6209-4AC5-88FB-EBB95293781A}.Release|Any CPU.ActiveCfg = Release|Any CPU
		{78B109EB-6209-4AC5-88FB-EBB95293781A}.Release|Any CPU.Build.0 = Release|Any CPU
		{84AE130B-4401-4EAE-A021-75885822B394}.Debug|Any CPU.ActiveCfg = Debug|Any CPU
		{84AE130B-4401-4EAE-A021-75885822B394}.Debug|Any CPU.Build.0 = Debug|Any CPU
		{84AE130B-4401-4EAE-A021-75885822B394}.Release|Any CPU.ActiveCfg = Release|Any CPU
		{84AE130B-4401-4EAE-A021-75885822B394}.Release|Any CPU.Build.0 = Release|Any CPU
		{E7EEAAAA-F063-4809-BB95-609235EDC022}.Debug|Any CPU.ActiveCfg = Debug|Any CPU
		{E7EEAAAA-F063-4809-BB95-609235EDC022}.Debug|Any CPU.Build.0 = Debug|Any CPU
		{E7EEAAAA-F063-4809-BB95-609235EDC022}.Release|Any CPU.ActiveCfg = Release|Any CPU
		{E7EEAAAA-F063-4809-BB95-609235EDC022}.Release|Any CPU.Build.0 = Release|Any CPU
	EndGlobalSection
	GlobalSection(SolutionProperties) = preSolution
		HideSolutionNode = FALSE
	EndGlobalSection
	GlobalSection(ExtensibilityGlobals) = postSolution
		SolutionGuid = {15B7095A-9F62-4AD5-BFC7-378B96D93F02}
	EndGlobalSection
EndGlobal
